
Microsoft Visual Studio Solution File, Format Version 12.00
# Visual Studio Version 16
VisualStudioVersion = 16.0.30907.101
MinimumVisualStudioVersion = 10.0.40219.1
Project("{FAE04EC0-301F-11D3-BF4B-00C04F79EFBC}") = "SimpleTreeViewInMVC.Web", "SimpleTreeViewInMVC.Web\SimpleTreeViewInMVC.Web.csproj", "{3E4E5B3E-C48C-4736-8DA3-FB8259AB0FAD}"
EndProject
Global
	GlobalSection(SolutionConfigurationPlatforms) = preSolution
		Debug|Any CPU = Debug|Any CPU
		Release|Any CPU = Release|Any CPU
	EndGlobalSection
	GlobalSection(ProjectConfigurationPlatforms) = postSolution
		{3E4E5B3E-C48C-4736-8DA3-FB8259AB0FAD}.Debug|Any CPU.ActiveCfg = Debug|Any CPU
		{3E4E5B3E-C48C-4736-8DA3-FB8259AB0FAD}.Debug|Any CPU.Build.0 = Debug|Any CPU
		{3E4E5B3E-C48C-4736-8DA3-FB8259AB0FAD}.Release|Any CPU.ActiveCfg = Release|Any CPU
		{3E4E5B3E-C48C-4736-8DA3-FB8259AB0FAD}.Release|Any CPU.Build.0 = Release|Any CPU
	EndGlobalSection
	GlobalSection(SolutionProperties) = preSolution
		HideSolutionNode = FALSE
	EndGlobalSection
	GlobalSection(ExtensibilityGlobals) = postSolution
		SolutionGuid = {C7681E96-7FD3-4349-B564-77BBCDC954F8}
	EndGlobalSection
EndGlobal
